Microsoft Visual Studio Solution File, Format Version 12.00
# Visual Studio Version 17
VisualStudioVersion = 17.5.2.0
MinimumVisualStudioVersion = 10.0.40219.1
Project("{FAE04EC0-301F-11D3-BF4B-00C04F79EFBC}") = "SOSCallParsial", "SOSCallParsial.csproj", "{586ADFF8-F534-26FC-369F-525FEA5ADE60}"
EndProject
Global
	GlobalSection(SolutionConfigurationPlatforms) = preSolution
		Debug|Any CPU = Debug|Any CPU
		Release|Any CPU = Release|Any CPU
	EndGlobalSection
	GlobalSection(ProjectConfigurationPlatforms) = postSolution
		{586ADFF8-F534-26FC-369F-525FEA5ADE60}.Debug|Any CPU.ActiveCfg = Debug|Any CPU
		{586ADFF8-F534-26FC-369F-525FEA5ADE60}.Debug|Any CPU.Build.0 = Debug|Any CPU
		{586ADFF8-F534-26FC-369F-525FEA5ADE60}.Release|Any CPU.ActiveCfg = Release|Any CPU
		{586ADFF8-F534-26FC-369F-525FEA5ADE60}.Release|Any CPU.Build.0 = Release|Any CPU
	EndGlobalSection
	GlobalSection(SolutionProperties) = preSolution
		HideSolutionNode = FALSE
	EndGlobalSection
	GlobalSection(ExtensibilityGlobals) = postSolution
		SolutionGuid = {6B1A9740-0DB5-4E9B-A0D0-08E6328BD2B2}
	EndGlobalSection
EndGlobal
